
Microsoft Visual Studio Solution File, Format Version 12.00
# Visual Studio Version 16
VisualStudioVersion = 16.0.32126.315
MinimumVisualStudioVersion = 10.0.40219.1
Project("{2150E333-8FDC-42A3-9474-1A3956D46DE8}") = "A - Presenter", "A - Presenter", "{0502551F-32FA-4D0D-8B22-9321A76D54A2}"
EndProject
Project("{9A19103F-16F7-4668-BE54-9A1E7A4F7556}") = "FunProject_Jadi_MVC", "FunProject_Jadi_MVC\FunProject_Jadi_MVC.csproj", "{F438BA60-C698-4661-875A-ECDA758E6AC8}"
EndProject
Global
	GlobalSection(SolutionConfigurationPlatforms) = preSolution
		Debug|Any CPU = Debug|Any CPU
		Release|Any CPU = Release|Any CPU
	EndGlobalSection
	GlobalSection(ProjectConfigurationPlatforms) = postSolution
		{F438BA60-C698-4661-875A-ECDA758E6AC8}.Debug|Any CPU.ActiveCfg = Debug|Any CPU
		{F438BA60-C698-4661-875A-ECDA758E6AC8}.Debug|Any CPU.Build.0 = Debug|Any CPU
		{F438BA60-C698-4661-875A-ECDA758E6AC8}.Release|Any CPU.ActiveCfg = Release|Any CPU
		{F438BA60-C698-4661-875A-ECDA758E6AC8}.Release|Any CPU.Build.0 = Release|Any CPU
	EndGlobalSection
	GlobalSection(SolutionProperties) = preSolution
		HideSolutionNode = FALSE
	EndGlobalSection
	GlobalSection(NestedProjects) = preSolution
		{F438BA60-C698-4661-875A-ECDA758E6AC8} = {0502551F-32FA-4D0D-8B22-9321A76D54A2}
	EndGlobalSection
	GlobalSection(ExtensibilityGlobals) = postSolution
		SolutionGuid = {C5EF610C-699D-4A85-B797-24F90A3D0775}
	EndGlobalSection
EndGlobal
